// !$*UTF8*$!
{
	archiveVersion = 1;
	classes = {
	};
	objectVersion = 110;
	objects = {

/* Begin PBXBuildFile section */
		9864C1DD082A0F5107BD3C6D /* RiveRuntime in Frameworks */ = {isa = PBXBuildFile; productRef = 2020BBCB7A14F5E98F58F85B /* RiveRuntime */; };
/* End PBXBuildFile section */

/* Begin PBXContainerItemProxy section */
		83631ED044320C3088A49091 /* PBXContainerItemProxy */ = {
			isa = PBXContainerItemProxy;
			containerPortal = 4F6137C3306D291A00F755CE /* Project object */;
			proxyType = 1;
			remoteGlobalIDString = 4F6137CA306D291A00F755CE;
			remoteInfo = paybak;
		};
		E19BB7FCFF26685B0EB36BD9 /* PBXContainerItemProxy */ = {
			isa = PBXContainerItemProxy;
			containerPortal = 4F6137C3306D291A00F755CE /* Project object */;
			proxyType = 1;
			remoteGlobalIDString = 4F6137CA306D291A00F755CE;
			remoteInfo = paybak;
		};
/* End PBXContainerItemProxy section */

/* Begin PBXFileReference section */
		0F951AB625BC083C61959F15 /* paybakTests.xctest */ = {isa = PBXFileReference; explicitFileType = wrapper.cfbundle; includeInIndex = 0; path = paybakTests.xctest; sourceTree = BUILT_PRODUCTS_DIR; };
		4F6137CB306D291A00F755CE /* paybak.app */ = {isa = PBXFileReference; explicitFileType = wrapper.application; includeInIndex = 0; path = paybak.app; sourceTree = BUILT_PRODUCTS_DIR; };
		B0381CCF93ABAB4E1087761B /* paybakUITests.xctest */ = {isa = PBXFileReference; explicitFileType = wrapper.cfbundle; includeInIndex = 0; path = paybakUITests.xctest; sourceTree = BUILT_PRODUCTS_DIR; };
/* End PBXFileReference section */

/* Begin PBXFileSystemSynchronizedRootGroup section */
		4F6137CD306D291A00F755CE /* paybak */ = {
			isa = PBXFileSystemSynchronizedRootGroup;
			path = paybak;
			sourceTree = "<group>";
		};
		6275B961211758FC549B5AEF /* paybakTests */ = {
			isa = PBXFileSystemSynchronizedRootGroup;
			path = paybakTests;
			sourceTree = "<group>";
		};
		CCD00E2FB6A8DC22C5C4CB6F /* paybakUITests */ = {
			isa = PBXFileSystemSynchronizedRootGroup;
			path = paybakUITests;
			sourceTree = "<group>";
		};
/* End PBXFileSystemSynchronizedRootGroup section */

/* Begin PBXFrameworksBuildPhase section */
		4F6137C8306D291A00F755CE /* Frameworks */ = {
			isa = PBXFrameworksBuildPhase;
			files = (
				9864C1DD082A0F5107BD3C6D /* RiveRuntime in Frameworks */,
			);
		};
		70A19634C745CAA497AFCBCC /* Frameworks */ = {
			isa = PBXFrameworksBuildPhase;
			files = (
			);
		};
		9E9AC54E5E36146C96DD2EE1 /* Frameworks */ = {
			isa = PBXFrameworksBuildPhase;
			files = (
			);
		};
/* End PBXFrameworksBuildPhase section */

/* Begin PBXGroup section */
		4F6137C2306D291A00F755CE = {
			isa = PBXGroup;
			children = (
				4F6137CD306D291A00F755CE /* paybak */,
				CCD00E2FB6A8DC22C5C4CB6F /* paybakUITests */,
				6275B961211758FC549B5AEF /* paybakTests */,
				4F6137CC306D291A00F755CE /* Products */,
			);
			sourceTree = "<group>";
		};
		4F6137CC306D291A00F755CE /* Products */ = {
			isa = PBXGroup;
			children = (
				4F6137CB306D291A00F755CE /* paybak.app */,
				B0381CCF93ABAB4E1087761B /* paybakUITests.xctest */,
				0F951AB625BC083C61959F15 /* paybakTests.xctest */,
			);
			name = Products;
			sourceTree = "<group>";
		};
/* End PBXGroup section */

/* Begin PBXNativeTarget section */
		4F6137CA306D291A00F755CE /* paybak */ = {
			isa = PBXNativeTarget;
			buildConfigurationList = 4F6137D6306D291A00F755CE /* Build configuration list for PBXNativeTarget "paybak" */;
			buildPhases = (
				4F6137C7306D291A00F755CE /* Sources */,
				4F6137C8306D291A00F755CE /* Frameworks */,
				4F6137C9306D291A00F755CE /* Resources */,
			);
			buildRules = (
			);
			fileSystemSynchronizedGroups = (
				4F6137CD306D291A00F755CE /* paybak */,
			);
			name = paybak;
			packageProductDependencies = (
				2020BBCB7A14F5E98F58F85B /* RiveRuntime */,
			);
			productName = paybak;
			productReference = 4F6137CB306D291A00F755CE /* paybak.app */;
			productType = "com.apple.product-type.application";
		};
		63BD58A21C35C1F8D8E86FB5 /* paybakTests */ = {
			isa = PBXNativeTarget;
			buildConfigurationList = 5B7F8FB0F8639C217B3D7BCC /* Build configuration list for PBXNativeTarget "paybakTests" */;
			buildPhases = (
				0083F4311A00D1835137CC6D /* Sources */,
				70A19634C745CAA497AFCBCC /* Frameworks */,
				E5F989AB3A749B0A1FCE5026 /* Resources */,
			);
			buildRules = (
			);
			dependencies = (
				C37E700788CD2FA8C0FF3D4B /* PBXTargetDependency */,
			);
			fileSystemSynchronizedGroups = (
				6275B961211758FC549B5AEF /* paybakTests */,
			);
			name = paybakTests;
			productName = paybakTests;
			productReference = 0F951AB625BC083C61959F15 /* paybakTests.xctest */;
			productType = "com.apple.product-type.bundle.unit-test";
		};
		E8107936F7C9F6B1A171C767 /* paybakUITests */ = {
			isa = PBXNativeTarget;
			buildConfigurationList = 8BC53427CF40466DC41CA59E /* Build configuration list for PBXNativeTarget "paybakUITests" */;
			buildPhases = (
				AA50DDB142CC6C8E30A67CE2 /* Sources */,
				9E9AC54E5E36146C96DD2EE1 /* Frameworks */,
				9CCB2D0AE9B13F0A9EE9E9D5 /* Resources */,
			);
			buildRules = (
			);
			dependencies = (
				FCDB0E946936F1C8A17E2129 /* PBXTargetDependency */,
			);
			fileSystemSynchronizedGroups = (
				CCD00E2FB6A8DC22C5C4CB6F /* paybakUITests */,
			);
			name = paybakUITests;
			productName = paybakUITests;
			productReference = B0381CCF93ABAB4E1087761B /* paybakUITests.xctest */;
			productType = "com.apple.product-type.bundle.ui-testing";
		};
/* End PBXNativeTarget section */

/* Begin PBXProject section */
		4F6137C3306D291A00F755CE /* Project object */ = {
			isa = PBXProject;
			attributes = {
				BuildIndependentTargetsInParallel = 1;
				LastSwiftUpdateCheck = 2700;
				LastUpgradeCheck = 2700;
				TargetAttributes = {
					4F6137CA306D291A00F755CE = {
						CreatedOnToolsVersion = 27.0;
					};
					63BD58A21C35C1F8D8E86FB5 = {
						CreatedOnToolsVersion = 27.0;
						TestTargetID = 4F6137CA306D291A00F755CE;
					};
					E8107936F7C9F6B1A171C767 = {
						CreatedOnToolsVersion = 27.0;
						TestTargetID = 4F6137CA306D291A00F755CE;
					};
				};
			};
			buildConfigurationList = 4F6137C6306D291A00F755CE /* Build configuration list for PBXProject "paybak" */;
			developmentRegion = en;
			hasScannedForEncodings = 0;
			knownRegions = (
				en,
				Base,
			);
			mainGroup = 4F6137C2306D291A00F755CE;
			minimizedProjectReferenceProxies = 1;
			packageReferences = (
				D28600CA87F881AB9C261502 /* XCRemoteSwiftPackageReference "rive-ios" */,
			);
			preferredProjectObjectVersion = 77;
			productRefGroup = 4F6137CC306D291A00F755CE /* Products */;
			projectDirPath = "";
			projectRoot = "";
			targets = (
				4F6137CA306D291A00F755CE /* paybak */,
				E8107936F7C9F6B1A171C767 /* paybakUITests */,
				63BD58A21C35C1F8D8E86FB5 /* paybakTests */,
			);
		};
/* End PBXProject section */

/* Begin PBXResourcesBuildPhase section */
		4F6137C9306D291A00F755CE /* Resources */ = {
			isa = PBXResourcesBuildPhase;
			files = (
			);
		};
		9CCB2D0AE9B13F0A9EE9E9D5 /* Resources */ = {
			isa = PBXResourcesBuildPhase;
			files = (
			);
		};
		E5F989AB3A749B0A1FCE5026 /* Resources */ = {
			isa = PBXResourcesBuildPhase;
			files = (
			);
		};
/* End PBXResourcesBuildPhase section */

/* Begin PBXSourcesBuildPhase section */
		0083F4311A00D1835137CC6D /* Sources */ = {
			isa = PBXSourcesBuildPhase;
			files = (
			);
		};
		4F6137C7306D291A00F755CE /* Sources */ = {
			isa = PBXSourcesBuildPhase;
			files = (
			);
		};
		AA50DDB142CC6C8E30A67CE2 /* Sources */ = {
			isa = PBXSourcesBuildPhase;
			files = (
			);
		};
/* End PBXSourcesBuildPhase section */

/* Begin PBXTargetDependency section */
		C37E700788CD2FA8C0FF3D4B /* PBXTargetDependency */ = {
			isa = PBXTargetDependency;
			target = 4F6137CA306D291A00F755CE /* paybak */;
			targetProxy = 83631ED044320C3088A49091 /* PBXContainerItemProxy */;
		};
		FCDB0E946936F1C8A17E2129 /* PBXTargetDependency */ = {
			isa = PBXTargetDependency;
			target = 4F6137CA306D291A00F755CE /* paybak */;
			targetProxy = E19BB7FCFF26685B0EB36BD9 /* PBXContainerItemProxy */;
		};
/* End PBXTargetDependency section */

/* Begin XCBuildConfiguration section */
		4F6137D4306D291A00F755CE /* Debug configuration for PBXProject "paybak" */ = {
			isa = XCBuildConfiguration;
			buildSettings = {
				ALWAYS_SEARCH_USER_PATHS = NO;
				ASSETCATALOG_COMPILER_GENERATE_SWIFT_ASSET_SYMBOL_EXTENSIONS = YES;
				CLANG_ANALYZER_NONNULL = YES;
				CLANG_ANALYZER_NUMBER_OBJECT_CONVERSION = YES_AGGRESSIVE;
				CLANG_CXX_LANGUAGE_STANDARD = "gnu++20";
				CLANG_ENABLE_MODULES = YES;
				CLANG_ENABLE_OBJC_ARC = YES;
				CLANG_ENABLE_OBJC_WEAK = YES;
				CLANG_WARN_BLOCK_CAPTURE_AUTORELEASING = YES;
				CLANG_WARN_BOOL_CONVERSION = YES;
				CLANG_WARN_COMMA = YES;
				CLANG_WARN_CONSTANT_CONVERSION = YES;
				CLANG_WARN_DEPRECATED_OBJC_IMPLEMENTATIONS = YES;
				CLANG_WARN_DIRECT_OBJC_ISA_USAGE = YES_ERROR;
				CLANG_WARN_DOCUMENTATION_COMMENTS = YES;
				CLANG_WARN_EMPTY_BODY = YES;
				CLANG_WARN_ENUM_CONVERSION = YES;
				CLANG_WARN_INFINITE_RECURSION = YES;
				CLANG_WARN_INT_CONVERSION = YES;
				CLANG_WARN_NON_LITERAL_NULL_CONVERSION = YES;
				CLANG_WARN_OBJC_IMPLICIT_RETAIN_SELF = YES;
				CLANG_WARN_OBJC_LITERAL_CONVERSION = YES;
				CLANG_WARN_OBJC_ROOT_CLASS = YES_ERROR;
				CLANG_WARN_QUOTED_INCLUDE_IN_FRAMEWORK_HEADER = YES;
				CLANG_WARN_RANGE_LOOP_ANALYSIS = YES;
				CLANG_WARN_STRICT_PROTOTYPES = YES;
				CLANG_WARN_SUSPICIOUS_MOVE = YES;
				CLANG_WARN_UNGUARDED_AVAILABILITY = YES_AGGRESSIVE;
				CLANG_WARN_UNREACHABLE_CODE = YES;
				CLANG_WARN__DUPLICATE_METHOD_MATCH = YES;
				COPY_PHASE_STRIP = NO;
				DEBUG_INFORMATION_FORMAT = dwarf;
				ENABLE_STRICT_OBJC_MSGSEND = YES;
				ENABLE_TESTABILITY = YES;
				ENABLE_USER_SCRIPT_SANDBOXING = YES;
				GCC_C_LANGUAGE_STANDARD = gnu17;
				GCC_DYNAMIC_NO_PIC = NO;
				GCC_NO_COMMON_BLOCKS = YES;
				GCC_OPTIMIZATION_LEVEL = 0;
				GCC_PREPROCESSOR_DEFINITIONS = (
					"DEBUG=1",
					"$(inherited)",
				);
				GCC_WARN_64_TO_32_BIT_CONVERSION = YES;
				GCC_WARN_ABOUT_RETURN_TYPE = YES_ERROR;
				GCC_WARN_UNDECLARED_SELECTOR = YES;
				GCC_WARN_UNINITIALIZED_AUTOS = YES_AGGRESSIVE;
				GCC_WARN_UNUSED_FUNCTION = YES;
				GCC_WARN_UNUSED_VARIABLE = YES;
				IPHONEOS_DEPLOYMENT_TARGET = 26.0;
				LOCALIZATION_PREFERS_STRING_CATALOGS = YES;
				MTL_ENABLE_DEBUG_INFO = INCLUDE_SOURCE;
				MTL_FAST_MATH = YES;
				ONLY_ACTIVE_ARCH = YES;
				SDKROOT = iphoneos;
				SWIFT_ACTIVE_COMPILATION_CONDITIONS = "DEBUG $(inherited)";
				SWIFT_OPTIMIZATION_LEVEL = "-Onone";
			};
			name = Debug;
		};
		4F6137D5306D291A00F755CE /* Release configuration for PBXProject "paybak" */ = {
			isa = XCBuildConfiguration;
			buildSettings = {
				ALWAYS_SEARCH_USER_PATHS = NO;
				ASSETCATALOG_COMPILER_GENERATE_SWIFT_ASSET_SYMBOL_EXTENSIONS = YES;
				CLANG_ANALYZER_NONNULL = YES;
				CLANG_ANALYZER_NUMBER_OBJECT_CONVERSION = YES_AGGRESSIVE;
				CLANG_CXX_LANGUAGE_STANDARD = "gnu++20";
				CLANG_ENABLE_MODULES = YES;
				CLANG_ENABLE_OBJC_ARC = YES;
				CLANG_ENABLE_OBJC_WEAK = YES;
				CLANG_WARN_BLOCK_CAPTURE_AUTORELEASING = YES;
				CLANG_WARN_BOOL_CONVERSION = YES;
				CLANG_WARN_COMMA = YES;
				CLANG_WARN_CONSTANT_CONVERSION = YES;
				CLANG_WARN_DEPRECATED_OBJC_IMPLEMENTATIONS = YES;
				CLANG_WARN_DIRECT_OBJC_ISA_USAGE = YES_ERROR;
				CLANG_WARN_DOCUMENTATION_COMMENTS = YES;
				CLANG_WARN_EMPTY_BODY = YES;
				CLANG_WARN_ENUM_CONVERSION = YES;
				CLANG_WARN_INFINITE_RECURSION = YES;
				CLANG_WARN_INT_CONVERSION = YES;
				CLANG_WARN_NON_LITERAL_NULL_CONVERSION = YES;
				CLANG_WARN_OBJC_IMPLICIT_RETAIN_SELF = YES;
				CLANG_WARN_OBJC_LITERAL_CONVERSION = YES;
				CLANG_WARN_OBJC_ROOT_CLASS = YES_ERROR;
				CLANG_WARN_QUOTED_INCLUDE_IN_FRAMEWORK_HEADER = YES;
				CLANG_WARN_RANGE_LOOP_ANALYSIS = YES;
				CLANG_WARN_STRICT_PROTOTYPES = YES;
				CLANG_WARN_SUSPICIOUS_MOVE = YES;
				CLANG_WARN_UNGUARDED_AVAILABILITY = YES_AGGRESSIVE;
				CLANG_WARN_UNREACHABLE_CODE = YES;
				CLANG_WARN__DUPLICATE_METHOD_MATCH = YES;
				COPY_PHASE_STRIP = NO;
				DEBUG_INFORMATION_FORMAT = "dwarf-with-dsym";
				ENABLE_NS_ASSERTIONS = NO;
				ENABLE_STRICT_OBJC_MSGSEND = YES;
				ENABLE_USER_SCRIPT_SANDBOXING = YES;
				GCC_C_LANGUAGE_STANDARD = gnu17;
				GCC_NO_COMMON_BLOCKS = YES;
				GCC_WARN_64_TO_32_BIT_CONVERSION = YES;
				GCC_WARN_ABOUT_RETURN_TYPE = YES_ERROR;
				GCC_WARN_UNDECLARED_SELECTOR = YES;
				GCC_WARN_UNINITIALIZED_AUTOS = YES_AGGRESSIVE;
				GCC_WARN_UNUSED_FUNCTION = YES;
				GCC_WARN_UNUSED_VARIABLE = YES;
				IPHONEOS_DEPLOYMENT_TARGET = 26.0;
				LOCALIZATION_PREFERS_STRING_CATALOGS = YES;
				MTL_ENABLE_DEBUG_INFO = NO;
				MTL_FAST_MATH = YES;
				SDKROOT = iphoneos;
				SWIFT_COMPILATION_MODE = wholemodule;
				VALIDATE_PRODUCT = YES;
			};
			name = Release;
		};
		4F6137D7306D291A00F755CE /* Debug configuration for PBXNativeTarget "paybak" */ = {
			isa = XCBuildConfiguration;
			buildSettings = {
				ASSETCATALOG_COMPILER_APPICON_NAME = AppIcon;
				ASSETCATALOG_COMPILER_GLOBAL_ACCENT_COLOR_NAME = AccentColor;
				CODE_SIGN_STYLE = Automatic;
				CURRENT_PROJECT_VERSION = 1;
				ENABLE_PREVIEWS = YES;
				GENERATE_INFOPLIST_FILE = YES;
				INFOPLIST_KEY_CFBundleDisplayName = Paybak;
				INFOPLIST_KEY_NSCameraUsageDescription = "Paybak uses the camera to scan receipts and QR codes.";
				INFOPLIST_KEY_NSContactsUsageDescription = "Paybak uses your contacts to find friends already on Paybak.";
				INFOPLIST_KEY_NSMicrophoneUsageDescription = "Paybak uses the microphone to dictate questions to Ask Paybak.";
				INFOPLIST_KEY_NSSpeechRecognitionUsageDescription = "Paybak uses speech recognition to dictate questions to Ask Paybak.";
				INFOPLIST_KEY_UIApplicationSceneManifest_Generation = YES;
				INFOPLIST_KEY_UIApplicationSupportsIndirectInputEvents = YES;
				INFOPLIST_KEY_UILaunchScreen_Generation = YES;
				INFOPLIST_KEY_UISupportedInterfaceOrientations_iPad = "UIInterfaceOrientationPortrait UIInterfaceOrientationPortraitUpsideDown UIInterfaceOrientationLandscapeLeft UIInterfaceOrientationLandscapeRight";
				INFOPLIST_KEY_UISupportedInterfaceOrientations_iPhone = UIInterfaceOrientationPortrait;
				INFOPLIST_KEY_UIUserInterfaceStyle = Light;
				LD_RUNPATH_SEARCH_PATHS = (
					"$(inherited)",
					"@executable_path/Frameworks",
				);
				MARKETING_VERSION = 1.0;
				PRODUCT_BUNDLE_IDENTIFIER = app.paybak.paybak;
				PRODUCT_NAME = "$(TARGET_NAME)";
				STRING_CATALOG_GENERATE_SYMBOLS = YES;
				SWIFT_APPROACHABLE_CONCURRENCY = YES;
				SWIFT_DEFAULT_ACTOR_ISOLATION = MainActor;
				SWIFT_EMIT_LOC_STRINGS = YES;
				SWIFT_UPCOMING_FEATURE_MEMBER_IMPORT_VISIBILITY = YES;
				SWIFT_VERSION = 5.0;
				TARGETED_DEVICE_FAMILY = "1,2";
			};
			name = Debug;
		};
		4F6137D8306D291A00F755CE /* Release configuration for PBXNativeTarget "paybak" */ = {
			isa = XCBuildConfiguration;
			buildSettings = {
				ASSETCATALOG_COMPILER_APPICON_NAME = AppIcon;
				ASSETCATALOG_COMPILER_GLOBAL_ACCENT_COLOR_NAME = AccentColor;
				CODE_SIGN_STYLE = Automatic;
				CURRENT_PROJECT_VERSION = 1;
				ENABLE_PREVIEWS = YES;
				EXCLUDED_SOURCE_FILE_NAMES = demo.json;
				GENERATE_INFOPLIST_FILE = YES;
				INFOPLIST_KEY_CFBundleDisplayName = Paybak;
				INFOPLIST_KEY_NSCameraUsageDescription = "Paybak uses the camera to scan receipts and QR codes.";
				INFOPLIST_KEY_NSContactsUsageDescription = "Paybak uses your contacts to find friends already on Paybak.";
				INFOPLIST_KEY_NSMicrophoneUsageDescription = "Paybak uses the microphone to dictate questions to Ask Paybak.";
				INFOPLIST_KEY_NSSpeechRecognitionUsageDescription = "Paybak uses speech recognition to dictate questions to Ask Paybak.";
				INFOPLIST_KEY_UIApplicationSceneManifest_Generation = YES;
				INFOPLIST_KEY_UIApplicationSupportsIndirectInputEvents = YES;
				INFOPLIST_KEY_UILaunchScreen_Generation = YES;
				INFOPLIST_KEY_UISupportedInterfaceOrientations_iPad = "UIInterfaceOrientationPortrait UIInterfaceOrientationPortraitUpsideDown UIInterfaceOrientationLandscapeLeft UIInterfaceOrientationLandscapeRight";
				INFOPLIST_KEY_UISupportedInterfaceOrientations_iPhone = UIInterfaceOrientationPortrait;
				INFOPLIST_KEY_UIUserInterfaceStyle = Light;
				LD_RUNPATH_SEARCH_PATHS = (
					"$(inherited)",
					"@executable_path/Frameworks",
				);
				MARKETING_VERSION = 1.0;
				PRODUCT_BUNDLE_IDENTIFIER = app.paybak.paybak;
				PRODUCT_NAME = "$(TARGET_NAME)";
				STRING_CATALOG_GENERATE_SYMBOLS = YES;
				SWIFT_APPROACHABLE_CONCURRENCY = YES;
				SWIFT_DEFAULT_ACTOR_ISOLATION = MainActor;
				SWIFT_EMIT_LOC_STRINGS = YES;
				SWIFT_UPCOMING_FEATURE_MEMBER_IMPORT_VISIBILITY = YES;
				SWIFT_VERSION = 5.0;
				TARGETED_DEVICE_FAMILY = "1,2";
			};
			name = Release;
		};
		9614A6B528737781990CC6C8 /* Release configuration for PBXNativeTarget "paybakTests" */ = {
			isa = XCBuildConfiguration;
			buildSettings = {
				BUNDLE_LOADER = "$(TEST_HOST)";
				CODE_SIGN_STYLE = Automatic;
				CURRENT_PROJECT_VERSION = 1;
				GENERATE_INFOPLIST_FILE = YES;
				MARKETING_VERSION = 1.0;
				PRODUCT_BUNDLE_IDENTIFIER = app.paybak.paybakTests;
				PRODUCT_NAME = "$(TARGET_NAME)";
				STRING_CATALOG_GENERATE_SYMBOLS = NO;
				SWIFT_APPROACHABLE_CONCURRENCY = YES;
				SWIFT_EMIT_LOC_STRINGS = NO;
				SWIFT_UPCOMING_FEATURE_MEMBER_IMPORT_VISIBILITY = YES;
				SWIFT_VERSION = 5.0;
				TARGETED_DEVICE_FAMILY = "1,2";
				TEST_HOST = "$(BUILT_PRODUCTS_DIR)/paybak.app/$(BUNDLE_EXECUTABLE_FOLDER_PATH)/paybak";
			};
			name = Release;
		};
		C05BC4ED949F74590180220E /* Debug configuration for PBXNativeTarget "paybakUITests" */ = {
			isa = XCBuildConfiguration;
			buildSettings = {
				CODE_SIGN_STYLE = Automatic;
				CURRENT_PROJECT_VERSION = 1;
				GENERATE_INFOPLIST_FILE = YES;
				MARKETING_VERSION = 1.0;
				PRODUCT_BUNDLE_IDENTIFIER = app.paybak.paybakUITests;
				PRODUCT_NAME = "$(TARGET_NAME)";
				STRING_CATALOG_GENERATE_SYMBOLS = NO;
				SWIFT_APPROACHABLE_CONCURRENCY = YES;
				SWIFT_EMIT_LOC_STRINGS = NO;
				SWIFT_UPCOMING_FEATURE_MEMBER_IMPORT_VISIBILITY = YES;
				SWIFT_VERSION = 5.0;
				TARGETED_DEVICE_FAMILY = "1,2";
				TEST_TARGET_NAME = paybak;
			};
			name = Debug;
		};
		CF910A1F1F17362F64F78141 /* Release configuration for PBXNativeTarget "paybakUITests" */ = {
			isa = XCBuildConfiguration;
			buildSettings = {
				CODE_SIGN_STYLE = Automatic;
				CURRENT_PROJECT_VERSION = 1;
				GENERATE_INFOPLIST_FILE = YES;
				MARKETING_VERSION = 1.0;
				PRODUCT_BUNDLE_IDENTIFIER = app.paybak.paybakUITests;
				PRODUCT_NAME = "$(TARGET_NAME)";
				STRING_CATALOG_GENERATE_SYMBOLS = NO;
				SWIFT_APPROACHABLE_CONCURRENCY = YES;
				SWIFT_EMIT_LOC_STRINGS = NO;
				SWIFT_UPCOMING_FEATURE_MEMBER_IMPORT_VISIBILITY = YES;
				SWIFT_VERSION = 5.0;
				TARGETED_DEVICE_FAMILY = "1,2";
				TEST_TARGET_NAME = paybak;
			};
			name = Release;
		};
		F0F70AA4560A196569DEEEED /* Debug configuration for PBXNativeTarget "paybakTests" */ = {
			isa = XCBuildConfiguration;
			buildSettings = {
				BUNDLE_LOADER = "$(TEST_HOST)";
				CODE_SIGN_STYLE = Automatic;
				CURRENT_PROJECT_VERSION = 1;
				GENERATE_INFOPLIST_FILE = YES;
				MARKETING_VERSION = 1.0;
				PRODUCT_BUNDLE_IDENTIFIER = app.paybak.paybakTests;
				PRODUCT_NAME = "$(TARGET_NAME)";
				STRING_CATALOG_GENERATE_SYMBOLS = NO;
				SWIFT_APPROACHABLE_CONCURRENCY = YES;
				SWIFT_EMIT_LOC_STRINGS = NO;
				SWIFT_UPCOMING_FEATURE_MEMBER_IMPORT_VISIBILITY = YES;
				SWIFT_VERSION = 5.0;
				TARGETED_DEVICE_FAMILY = "1,2";
				TEST_HOST = "$(BUILT_PRODUCTS_DIR)/paybak.app/$(BUNDLE_EXECUTABLE_FOLDER_PATH)/paybak";
			};
			name = Debug;
		};
/* End XCBuildConfiguration section */

/* Begin XCConfigurationList section */
		4F6137C6306D291A00F755CE /* Build configuration list for PBXProject "paybak" */ = {
			isa = XCConfigurationList;
			buildConfigurations = (
				4F6137D4306D291A00F755CE /* Debug configuration for PBXProject "paybak" */,
				4F6137D5306D291A00F755CE /* Release configuration for PBXProject "paybak" */,
			);
			defaultConfigurationName = Release;
		};
		4F6137D6306D291A00F755CE /* Build configuration list for PBXNativeTarget "paybak" */ = {
			isa = XCConfigurationList;
			buildConfigurations = (
				4F6137D7306D291A00F755CE /* Debug configuration for PBXNativeTarget "paybak" */,
				4F6137D8306D291A00F755CE /* Release configuration for PBXNativeTarget "paybak" */,
			);
			defaultConfigurationName = Release;
		};
		5B7F8FB0F8639C217B3D7BCC /* Build configuration list for PBXNativeTarget "paybakTests" */ = {
			isa = XCConfigurationList;
			buildConfigurations = (
				F0F70AA4560A196569DEEEED /* Debug configuration for PBXNativeTarget "paybakTests" */,
				9614A6B528737781990CC6C8 /* Release configuration for PBXNativeTarget "paybakTests" */,
			);
			defaultConfigurationName = Release;
		};
		8BC53427CF40466DC41CA59E /* Build configuration list for PBXNativeTarget "paybakUITests" */ = {
			isa = XCConfigurationList;
			buildConfigurations = (
				C05BC4ED949F74590180220E /* Debug configuration for PBXNativeTarget "paybakUITests" */,
				CF910A1F1F17362F64F78141 /* Release configuration for PBXNativeTarget "paybakUITests" */,
			);
			defaultConfigurationName = Release;
		};
/* End XCConfigurationList section */

/* Begin XCRemoteSwiftPackageReference section */
		D28600CA87F881AB9C261502 /* XCRemoteSwiftPackageReference "rive-ios" */ = {
			isa = XCRemoteSwiftPackageReference;
			repositoryURL = "https://github.com/rive-app/rive-ios";
			requirement = {
				kind = exactVersion;
				version = 6.28.0;
			};
		};
/* End XCRemoteSwiftPackageReference section */

/* Begin XCSwiftPackageProductDependency section */
		2020BBCB7A14F5E98F58F85B /* RiveRuntime */ = {
			isa = XCSwiftPackageProductDependency;
			package = D28600CA87F881AB9C261502 /* XCRemoteSwiftPackageReference "rive-ios" */;
			productName = RiveRuntime;
		};
/* End XCSwiftPackageProductDependency section */
	};
	rootObject = 4F6137C3306D291A00F755CE /* Project object */;
	validationLevel = 1;
}
