{
  "originHash" : "c22f19152d925bc587a0c22f98553e3ad2069add65b9977765bca92d5e62cc63",
  "pins" : [
    {
      "identity" : "purchases-ios-spm",
      "kind" : "remoteSourceControl",
      "location" : "https://github.com/RevenueCat/purchases-ios-spm.git",
      "state" : {
        "revision" : "e45bb84b726885492ce4e7ee94ddb252d171a205",
        "version" : "5.92.0"
      }
    },
    {
      "identity" : "rive-ios",
      "kind" : "remoteSourceControl",
      "location" : "https://github.com/rive-app/rive-ios",
      "state" : {
        "revision" : "b9966d5effb9aece78c70934f0bd245523e47a18",
        "version" : "6.28.0"
      }
    }
  ],
  "version" : 3
}
